{
  "name": "frontEnd",
  "lockfileVersion": 3,
  "requires": true,
  "packages": {
    "": {
      "dependencies": {
        "ng-dialog": "^1.4.0"
      }
    },
    "node_modules/ng-dialog": {
      "version": "1.4.0",
      "resolved": "https://registry.npmjs.org/ng-dialog/-/ng-dialog-1.4.0.tgz",
      "integrity": "sha512-PBK+rXDmxTe0V/U3BTI/wYovbRJJ/JboXkN2ObuaoNxG3AelR/Kl8OZ/nzBTen+OrJFciie3YEHW62ljZK4O3w=="
    }
  }
}
